{
  "name": "moonlink.js-firebase",
  "lockfileVersion": 3,
  "requires": true,
  "packages": {
    "": {
      "dependencies": {
        "moonlink.js": "^4.4.36"
      }
    },
    "node_modules/moonlink.js": {
      "version": "4.4.36",
      "resolved": "https://registry.npmjs.org/moonlink.js/-/moonlink.js-4.4.36.tgz",
      "integrity": "sha512-c4hW0WJgnw/KTTBdBLJJrYyqoU+TRTPjwC4jFKa5ZC1RlRQMae2o0ntL866mV9U0/oH2WsaVaRttmYBWZuy//Q==",
      "license": "Open Software License 3.0",
      "engines": {
        "node": ">=22.x.x"
      }
    }
  }
}
